
Microsoft Visual Studio Solution File, Format Version 12.00
# Visual Studio Version 17
VisualStudioVersion = 17.10.35122.118
MinimumVisualStudioVersion = 10.0.40219.1
Project("{FAE04EC0-301F-11D3-BF4B-00C04F79EFBC}") = "nunittest", "nunittest.csproj", "{0B185C7C-4F9D-464A-A847-143D1D3D3316}"
EndProject
Global
	GlobalSection(SolutionConfigurationPlatforms) = preSolution
		Debug|Any CPU = Debug|Any CPU
		Release|Any CPU = Release|Any CPU
	EndGlobalSection
	GlobalSection(ProjectConfigurationPlatforms) = postSolution
		{0B185C7C-4F9D-464A-A847-143D1D3D3316}.Debug|Any CPU.ActiveCfg = Debug|Any CPU
		{0B185C7C-4F9D-464A-A847-143D1D3D3316}.Debug|Any CPU.Build.0 = Debug|Any CPU
		{0B185C7C-4F9D-464A-A847-143D1D3D3316}.Release|Any CPU.ActiveCfg = Release|Any CPU
		{0B185C7C-4F9D-464A-A847-143D1D3D3316}.Release|Any CPU.Build.0 = Release|Any CPU
	EndGlobalSection
	GlobalSection(SolutionProperties) = preSolution
		HideSolutionNode = FALSE
	EndGlobalSection
	GlobalSection(ExtensibilityGlobals) = postSolution
		SolutionGuid = {4C3FC6F3-B06A-4B9F-959A-1E75EBC7844A}
	EndGlobalSection
EndGlobal
